
Microsoft Visual Studio Solution File, Format Version 12.00
# Visual Studio Version 17
VisualStudioVersion = 17.1.32228.430
MinimumVisualStudioVersion = 10.0.40219.1
Project("{FAE04EC0-301F-11D3-BF4B-00C04F79EFBC}") = "spesa", "spesa.csproj", "{DCD732A5-1F82-49AE-9966-9F06F7CFD1C3}"
EndProject
Global
	GlobalSection(SolutionConfigurationPlatforms) = preSolution
		Debug|Any CPU = Debug|Any CPU
		Release|Any CPU = Release|Any CPU
	EndGlobalSection
	GlobalSection(ProjectConfigurationPlatforms) = postSolution
		{DCD732A5-1F82-49AE-9966-9F06F7CFD1C3}.Debug|Any CPU.ActiveCfg = Debug|Any CPU
		{DCD732A5-1F82-49AE-9966-9F06F7CFD1C3}.Debug|Any CPU.Build.0 = Debug|Any CPU
		{DCD732A5-1F82-49AE-9966-9F06F7CFD1C3}.Release|Any CPU.ActiveCfg = Release|Any CPU
		{DCD732A5-1F82-49AE-9966-9F06F7CFD1C3}.Release|Any CPU.Build.0 = Release|Any CPU
	EndGlobalSection
	GlobalSection(SolutionProperties) = preSolution
		HideSolutionNode = FALSE
	EndGlobalSection
	GlobalSection(ExtensibilityGlobals) = postSolution
		SolutionGuid = {AE901F8C-AD38-4A96-A93E-9FC86E5D96A1}
	EndGlobalSection
EndGlobal
